
Microsoft Visual Studio Solution File, Format Version 12.00
# Visual Studio 2015
Project("{FAE04EC0-301F-11D3-BF4B-00C04F79EFBC}") = "ConcreteCandy.CSharp", "ConcreteCandy.CSharp.csproj", "{89596D09-1293-06E9-0AC4-DA692BE3CB03}"
EndProject
Project("{FAE04EC0-301F-11D3-BF4B-00C04F79EFBC}") = "ConcreteCandy.CSharp.Editor", "ConcreteCandy.CSharp.Editor.csproj", "{AF621D38-1F43-4EA7-F74D-7DD7314B238F}"
EndProject
Global
	GlobalSection(SolutionConfigurationPlatforms) = preSolution
		Debug|Any CPU = Debug|Any CPU
		Release|Any CPU = Release|Any CPU
	EndGlobalSection
	GlobalSection(ProjectConfigurationPlatforms) = postSolution
		{89596D09-1293-06E9-0AC4-DA692BE3CB03}.Debug|Any CPU.ActiveCfg = Debug|Any CPU
		{89596D09-1293-06E9-0AC4-DA692BE3CB03}.Debug|Any CPU.Build.0 = Debug|Any CPU
		{89596D09-1293-06E9-0AC4-DA692BE3CB03}.Release|Any CPU.ActiveCfg = Release|Any CPU
		{89596D09-1293-06E9-0AC4-DA692BE3CB03}.Release|Any CPU.Build.0 = Release|Any CPU
		{AF621D38-1F43-4EA7-F74D-7DD7314B238F}.Debug|Any CPU.ActiveCfg = Debug|Any CPU
		{AF621D38-1F43-4EA7-F74D-7DD7314B238F}.Debug|Any CPU.Build.0 = Debug|Any CPU
		{AF621D38-1F43-4EA7-F74D-7DD7314B238F}.Release|Any CPU.ActiveCfg = Release|Any CPU
		{AF621D38-1F43-4EA7-F74D-7DD7314B238F}.Release|Any CPU.Build.0 = Release|Any CPU
	EndGlobalSection
	GlobalSection(SolutionProperties) = preSolution
		HideSolutionNode = FALSE
	EndGlobalSection
EndGlobal
